<?xml version="1.0" encoding="utf-8"?>
<Project ToolsVersion="4.0" xmlns="http://schemas.microsoft.com/developer/msbuild/2003">
  <ItemGroup>
    <ClCompile Include="ClientMain.cpp" />
    <ClCompile Include="stdafx.cpp" />
    <ClCompile Include="Source\Manager\Application.cpp" />
    <ClCompile Include="Source\Manager\CameraManager.cpp" />
    <ClCompile Include="Source\Manager\Client.cpp" />
    <ClCompile Include="Source\Manager\SceneManager.cpp" />
    <ClCompile Include="Source\UI\UIButton.cpp" />
    <ClCompile Include="Source\UI\UIImage.cpp" />
    <ClCompile Include="Source\UI\UIText.cpp" />
    <ClCompile Include="Source\UI\UITextInputField.cpp" />
    <ClCompile Include="Source\Manager\SoundManager.cpp" />
    <ClCompile Include="Source\Base\IScene.cpp" />
    <ClCompile Include="Source\Manager\UIManager.cpp" />
    <ClCompile Include="Source\Manager\Bullet.cpp" />
    <ClCompile Include="Source\Useful\Structure.cpp" />
    <ClCompile Include="Source\Component\Collider.cpp" />
    <ClCompile Include="Source\Manager\TimeManager.cpp" />
    <ClCompile Include="Source\Component\ComponentTransform.cpp" />
    <ClCompile Include="Source\Base\IMap.cpp" />
    <ClCompile Include="Source\Manager\InputManager.cpp" />
    <ClCompile Include="Source\Manager\DeviceManager.cpp" />
    <ClCompile Include="Source\Manager\DebugManager.cpp" />
    <ClCompile Include="Source\Base\ICamera.cpp" />
    <ClCompile Include="Source\UI\UIObject.cpp" />
    <ClCompile Include="Source\Base\IObject.cpp" />
    <ClCompile Include="Source\Component\SkinnedMeshController.cpp" />
    <ClCompile Include="Source\Component\EffectMeshRenderer.cpp" />
    <ClCompile Include="Source\Scene\SceneLoading.cpp" />
    <ClCompile Include="Source\Scene\SceneLogin.cpp" />
    <ClCompile Include="Source\Scene\ScenePlay.cpp" />
    <ClCompile Include="Source\Object\Character_Main.cpp" />
    <ClCompile Include="Source\Object\Character_Method.cpp" />
    <ClCompile Include="Source\Object\Character_OnCollision.cpp" />
    <ClCompile Include="Source\Object\CharacterPart.cpp" />
    <ClCompile Include="Source\Object\TerrainFeature.cpp" />
    <ClCompile Include="Source\Useful\TagAnimation.cpp" />
    <ClCompile Include="Source\Object\DirectionalLight.cpp" />
    <ClCompile Include="Source\Object\Item.cpp" />
    <ClCompile Include="Source\Object\Character_Inventory.cpp" />
    <ClCompile Include="Source\Useful\ItemInfo.cpp" />
    <ClCompile Include="Source\Useful\ResourceInfo.cpp" />
    <ClCompile Include="Source\Object\Grid.cpp" />
    <ClCompile Include="Source\Object\SkySphere.cpp" />
    <ClCompile Include="Source\Useful\Shader.cpp" />
    <ClCompile Include="Source\Object\Grid.cpp" />
    <ClCompile Include="Source\Useful\AnimationState.cpp" />
    <ClCompile Include="Source\HeightMap.cpp" />
    <ClCompile Include="Source\Ray.cpp" />
    <ClCompile Include="Source\Object\Character_ForDebug.cpp" />
    <ClCompile Include="Source\Object\Character_Input.cpp" />
    <ClCompile Include="Source\Object\CharacterAnimation.cpp" />
    <ClCompile Include="Source\Manager\Collision.cpp" />
    <ClCompile Include="Source\Manager\Collision_Core.cpp" />
    <ClCompile Include="Source\Scene\SceneCollisionTest.cpp" />
    <ClCompile Include="Source\Manager\Resource.cpp" />
    <ClCompile Include="Area.cpp" />
    <ClCompile Include="Source\Useful\Ballistics.cpp" />
    <ClCompile Include="CameraWorkSpace.cpp" />
    <ClCompile Include="Source\Object\Character.cpp" />
    <ClCompile Include="Source\Object\Head.cpp" />
  </ItemGroup>
  <ItemGroup>
    <None Include="fmod.dll" />
  </ItemGroup>
  <ItemGroup>
    <ClInclude Include="stdafx.h" />
    <ClInclude Include="targetver.h" />
    <ClInclude Include="Source\Manager\Application.h" />
    <ClInclude Include="Source\Manager\CameraManager.h" />
    <ClInclude Include="Source\Manager\Client.h" />
    <ClInclude Include="Source\Manager\SceneManager.h" />
    <ClInclude Include="Source\UI\UIButton.h" />
    <ClInclude Include="Source\UI\UIImage.h" />
    <ClInclude Include="Source\UI\UIObject.h" />
    <ClInclude Include="Source\UI\UIText.h" />
    <ClInclude Include="Source\UI\UITextInputField.h" />
    <ClInclude Include="Source\Manager\SoundManager.h" />
    <ClInclude Include="Source\Base\IScene.h" />
    <ClInclude Include="Source\Manager\UIManager.h" />
    <ClInclude Include="Source\Manager\Bullet.h" />
    <ClInclude Include="Source\Useful\Structure.h" />
    <ClInclude Include="Source\Useful\TagClientOnly.h" />
    <ClInclude Include="Source\Component\Collider.h" />
    <ClInclude Include="Source\Manager\TimeManager.h" />
    <ClInclude Include="Source\Component\ComponentTransform.h" />
    <ClInclude Include="Source\Base\IMap.h" />
    <ClInclude Include="Source\Manager\InputManager.h" />
    <ClInclude Include="Source\Manager\DeviceManager.h" />
    <ClInclude Include="Source\Manager\DebugManager.h" />
    <ClInclude Include="Source\Base\ICamera.h" />
    <ClInclude Include="Source\Base\IObject.h" />
    <ClInclude Include="Source\Component\SkinnedMeshController.h" />
    <ClInclude Include="Source\Component\EffectMeshRenderer.h" />
    <ClInclude Include="Source\Useful\TagResource.h" />
    <ClInclude Include="Source\Scene\SceneLoading.h" />
    <ClInclude Include="Source\Scene\SceneLogin.h" />
    <ClInclude Include="Source\Scene\ScenePlay.h" />
    <ClInclude Include="Source\Object\Character.h" />
    <ClInclude Include="Source\Object\CharacterPart.h" />
    <ClInclude Include="Source\Object\TerrainFeature.h" />
    <ClInclude Include="Source\Useful\TagAnimation.h" />
    <ClInclude Include="Source\Object\DirectionalLight.h" />
    <ClInclude Include="Source\Useful\StructItem.h" />
    <ClInclude Include="Source\Object\Item.h" />
    <ClInclude Include="Source\Useful\ItemInfo.h" />
    <ClInclude Include="Source\Useful\ResourceInfo.h" />
    <ClInclude Include="Source\Object\Grid.h" />
    <ClInclude Include="Source\Object\SkySphere.h" />
    <ClInclude Include="Source\Useful\Shader.h" />
    <ClInclude Include="Source\Object\Grid.h" />
    <ClInclude Include="Source\Useful\AnimationState.h" />
    <ClInclude Include="Source\HeightMap.h" />
    <ClInclude Include="Source\Ray.h" />
    <ClInclude Include="Source\Object\CharacterAnimation.h" />
    <ClInclude Include="Source\Manager\Collision.h" />
    <ClInclude Include="Source\Scene\SceneCollisionTest.h" />
    <ClInclude Include="Source\Manager\Resource.h" />
    <ClInclude Include="Area.h" />
    <ClInclude Include="Source\Useful\Ballistics.h" />
    <ClInclude Include="Source\Object\Head.h" />
  </ItemGroup>
</Project>