<?xml version="1.0" encoding="utf-8"?>
<Project ToolsVersion="4.0" xmlns="http://schemas.microsoft.com/developer/msbuild/2003">
  <ItemGroup>
    <ClCompile Include="main.cpp" />
    <ClCompile Include="stdafx.cpp" />
    <ClCompile Include="sources\5. Manager\Application.cpp" />
    <ClCompile Include="sources\5. Manager\CameraManager.cpp" />
    <ClCompile Include="sources\5. Manager\CollisionManager.cpp" />
    <ClCompile Include="sources\5. Manager\Debug.cpp" />
    <ClCompile Include="sources\5. Manager\DeviceManager.cpp" />
    <ClCompile Include="sources\5. Manager\FontManager.cpp" />
    <ClCompile Include="sources\5. Manager\KeyManager.cpp" />
    <ClCompile Include="sources\5. Manager\MapManager.cpp" />
    <ClCompile Include="sources\5. Manager\ObjectManager.cpp" />
    <ClCompile Include="sources\5. Manager\SceneManager.cpp" />
    <ClCompile Include="sources\5. Manager\SoundManager.cpp" />
    <ClCompile Include="sources\5. Manager\TextureManager.cpp" />
    <ClCompile Include="sources\5. Manager\TimeManager.cpp" />
    <ClCompile Include="sources\5. Manager\UIManager.cpp" />
    <ClCompile Include="sources\6. Base\BaseObject.cpp" />
    <ClCompile Include="sources\6. Base\Collider.cpp" />
    <ClCompile Include="sources\6. Base\ComponentBase.cpp" />
    <ClCompile Include="sources\6. Base\ICamera.cpp" />
    <ClCompile Include="sources\6. Base\IDisplayObject.cpp" />
    <ClCompile Include="sources\6. Base\IMap.cpp" />
    <ClCompile Include="sources\6. Base\IScene.cpp" />
    <ClCompile Include="sources\6. Base\UIButton.cpp" />
    <ClCompile Include="sources\6. Base\UIImage.cpp" />
    <ClCompile Include="sources\6. Base\UIObject.cpp" />
    <ClCompile Include="sources\6. Base\UIText.cpp" />
    <ClCompile Include="sources\3. Useful\D3DUtility.cpp" />
    <ClCompile Include="sources\3. Useful\GlobalDefinition.cpp" />
    <ClCompile Include="sources\3. Useful\Ray.cpp" />
  </ItemGroup>
  <ItemGroup>
    <ClInclude Include="stdafx.h" />
    <ClInclude Include="targetver.h" />
    <ClInclude Include="sources\5. Manager\Application.h" />
    <ClInclude Include="sources\5. Manager\CameraManager.h" />
    <ClInclude Include="sources\5. Manager\CollisionManager.h" />
    <ClInclude Include="sources\5. Manager\Debug.h" />
    <ClInclude Include="sources\5. Manager\DeviceManager.h" />
    <ClInclude Include="sources\5. Manager\FontManager.h" />
    <ClInclude Include="sources\5. Manager\KeyManager.h" />
    <ClInclude Include="sources\5. Manager\MapManager.h" />
    <ClInclude Include="sources\5. Manager\ObjectManager.h" />
    <ClInclude Include="sources\5. Manager\SceneManager.h" />
    <ClInclude Include="sources\5. Manager\SoundManager.h" />
    <ClInclude Include="sources\5. Manager\TextureManager.h" />
    <ClInclude Include="sources\5. Manager\TimeManager.h" />
    <ClInclude Include="sources\5. Manager\UIManager.h" />
    <ClInclude Include="sources\6. Base\BaseObject.h" />
    <ClInclude Include="sources\6. Base\Collider.h" />
    <ClInclude Include="sources\6. Base\ComponentBase.h" />
    <ClInclude Include="sources\6. Base\ICamera.h" />
    <ClInclude Include="sources\6. Base\IDisplayObject.h" />
    <ClInclude Include="sources\6. Base\IMap.h" />
    <ClInclude Include="sources\6. Base\IScene.h" />
    <ClInclude Include="sources\6. Base\SingletonBase.h" />
    <ClInclude Include="sources\6. Base\UIButton.h" />
    <ClInclude Include="sources\6. Base\UIImage.h" />
    <ClInclude Include="sources\6. Base\UIObject.h" />
    <ClInclude Include="sources\6. Base\UIText.h" />
    <ClInclude Include="sources\3. Useful\D3DUtility.h" />
    <ClInclude Include="sources\3. Useful\GlobalDefinition.h" />
    <ClInclude Include="sources\3. Useful\Ray.h" />
  </ItemGroup>
  <ItemGroup>
    <None Include="fmod.dll" />
  </ItemGroup>
</Project>